
Microsoft Visual Studio Solution File, Format Version 12.00
# Visual Studio Version 17
VisualStudioVersion = 17.3.32819.101
MinimumVisualStudioVersion = 10.0.40219.1
Project("{FAE04EC0-301F-11D3-BF4B-00C04F79EFBC}") = "StackQueue", "StackQueue\StackQueue.csproj", "{F65FCFC6-8CDF-4DBB-877A-3C4C8D4E5504}"
EndProject
Global
	GlobalSection(SolutionConfigurationPlatforms) = preSolution
		Debug|Any CPU = Debug|Any CPU
		Release|Any CPU = Release|Any CPU
	EndGlobalSection
	GlobalSection(ProjectConfigurationPlatforms) = postSolution
		{F65FCFC6-8CDF-4DBB-877A-3C4C8D4E5504}.Debug|Any CPU.ActiveCfg = Debug|Any CPU
		{F65FCFC6-8CDF-4DBB-877A-3C4C8D4E5504}.Debug|Any CPU.Build.0 = Debug|Any CPU
		{F65FCFC6-8CDF-4DBB-877A-3C4C8D4E5504}.Release|Any CPU.ActiveCfg = Release|Any CPU
		{F65FCFC6-8CDF-4DBB-877A-3C4C8D4E5504}.Release|Any CPU.Build.0 = Release|Any CPU
	EndGlobalSection
	GlobalSection(SolutionProperties) = preSolution
		HideSolutionNode = FALSE
	EndGlobalSection
	GlobalSection(ExtensibilityGlobals) = postSolution
		SolutionGuid = {9C1D67CF-3F98-4773-AAD9-801DDD7E5EE0}
	EndGlobalSection
EndGlobal
